
Microsoft Visual Studio Solution File, Format Version 12.00
# Visual Studio Version 17
VisualStudioVersion = 17.6.33815.320
MinimumVisualStudioVersion = 10.0.40219.1
Project("{FAE04EC0-301F-11D3-BF4B-00C04F79EFBC}") = "SimpleWS-Client", "SimpleWS-Client\SimpleWS-Client.csproj", "{2B4796C9-15FE-4059-BCCD-5A2381CAB12E}"
EndProject
Global
	GlobalSection(SolutionConfigurationPlatforms) = preSolution
		Debug|Any CPU = Debug|Any CPU
		Release|Any CPU = Release|Any CPU
	EndGlobalSection
	GlobalSection(ProjectConfigurationPlatforms) = postSolution
		{2B4796C9-15FE-4059-BCCD-5A2381CAB12E}.Debug|Any CPU.ActiveCfg = Debug|Any CPU
		{2B4796C9-15FE-4059-BCCD-5A2381CAB12E}.Debug|Any CPU.Build.0 = Debug|Any CPU
		{2B4796C9-15FE-4059-BCCD-5A2381CAB12E}.Release|Any CPU.ActiveCfg = Release|Any CPU
		{2B4796C9-15FE-4059-BCCD-5A2381CAB12E}.Release|Any CPU.Build.0 = Release|Any CPU
	EndGlobalSection
	GlobalSection(SolutionProperties) = preSolution
		HideSolutionNode = FALSE
	EndGlobalSection
	GlobalSection(ExtensibilityGlobals) = postSolution
		SolutionGuid = {48AD7DB1-4E95-4AC6-876C-136F64413ADD}
	EndGlobalSection
EndGlobal
